
Microsoft Visual Studio Solution File, Format Version 12.00
# Visual Studio Version 17
VisualStudioVersion = 17.0.31903.59
MinimumVisualStudioVersion = 10.0.40219.1
Project("{FAE04EC0-301F-11D3-BF4B-00C04F79EFBC}") = "WebApplicationMVC", "WebApplicationMVC\WebApplicationMVC.csproj", "{4EBC875C-4674-4452-9384-60DC733669D6}"
EndProject
Project("{FAE04EC0-301F-11D3-BF4B-00C04F79EFBC}") = "WebApplicationRazorPages", "WebApplicationRazorPages\WebApplicationRazorPages.csproj", "{C57E5013-9006-4605-AC64-B1FD58BF5937}"
EndProject
Project("{FAE04EC0-301F-11D3-BF4B-00C04F79EFBC}") = "WebApplicationEmpty", "WebApplicationEmpty\WebApplicationEmpty.csproj", "{1825E45E-70C8-4404-8F69-202CDE436A19}"
EndProject
Global
	GlobalSection(SolutionConfigurationPlatforms) = preSolution
		Debug|Any CPU = Debug|Any CPU
		Release|Any CPU = Release|Any CPU
	EndGlobalSection
	GlobalSection(ProjectConfigurationPlatforms) = postSolution
		{4EBC875C-4674-4452-9384-60DC733669D6}.Debug|Any CPU.ActiveCfg = Debug|Any CPU
		{4EBC875C-4674-4452-9384-60DC733669D6}.Debug|Any CPU.Build.0 = Debug|Any CPU
		{4EBC875C-4674-4452-9384-60DC733669D6}.Release|Any CPU.ActiveCfg = Release|Any CPU
		{4EBC875C-4674-4452-9384-60DC733669D6}.Release|Any CPU.Build.0 = Release|Any CPU
		{C57E5013-9006-4605-AC64-B1FD58BF5937}.Debug|Any CPU.ActiveCfg = Debug|Any CPU
		{C57E5013-9006-4605-AC64-B1FD58BF5937}.Debug|Any CPU.Build.0 = Debug|Any CPU
		{C57E5013-9006-4605-AC64-B1FD58BF5937}.Release|Any CPU.ActiveCfg = Release|Any CPU
		{C57E5013-9006-4605-AC64-B1FD58BF5937}.Release|Any CPU.Build.0 = Release|Any CPU
		{1825E45E-70C8-4404-8F69-202CDE436A19}.Debug|Any CPU.ActiveCfg = Debug|Any CPU
		{1825E45E-70C8-4404-8F69-202CDE436A19}.Debug|Any CPU.Build.0 = Debug|Any CPU
		{1825E45E-70C8-4404-8F69-202CDE436A19}.Release|Any CPU.ActiveCfg = Release|Any CPU
		{1825E45E-70C8-4404-8F69-202CDE436A19}.Release|Any CPU.Build.0 = Release|Any CPU
	EndGlobalSection
	GlobalSection(SolutionProperties) = preSolution
		HideSolutionNode = FALSE
	EndGlobalSection
	GlobalSection(ExtensibilityGlobals) = postSolution
		SolutionGuid = {17B1F6A0-30B6-4873-ACEA-1FB16A90293A}
	EndGlobalSection
EndGlobal
